
Microsoft Visual Studio Solution File, Format Version 12.00
# Visual Studio Version 17
VisualStudioVersion = 17.3.32825.248
MinimumVisualStudioVersion = 10.0.40219.1
Project("{888888A0-9F3D-457C-B088-3A5042F75D52}") = "VSProject", "VSProject.pyproj", "{879142D3-5439-4C3A-8E87-5F4946637531}"
EndProject
Global
	GlobalSection(SolutionConfigurationPlatforms) = preSolution
		Debug|Any CPU = Debug|Any CPU
		Debug|x64 = Debug|x64
		Release|Any CPU = Release|Any CPU
		Release|x64 = Release|x64
	EndGlobalSection
	GlobalSection(ProjectConfigurationPlatforms) = postSolution
		{879142D3-5439-4C3A-8E87-5F4946637531}.Debug|Any CPU.ActiveCfg = Debug|Any CPU
		{879142D3-5439-4C3A-8E87-5F4946637531}.Debug|x64.ActiveCfg = Debug|Any CPU
		{879142D3-5439-4C3A-8E87-5F4946637531}.Release|Any CPU.ActiveCfg = Release|Any CPU
		{879142D3-5439-4C3A-8E87-5F4946637531}.Release|x64.ActiveCfg = Release|Any CPU
	EndGlobalSection
	GlobalSection(SolutionProperties) = preSolution
		HideSolutionNode = FALSE
	EndGlobalSection
	GlobalSection(ExtensibilityGlobals) = postSolution
		SolutionGuid = {272D5854-EFAA-40E4-848A-25CF8386D6FB}
	EndGlobalSection
EndGlobal
