
Microsoft Visual Studio Solution File, Format Version 12.00
# Visual Studio Version 17
VisualStudioVersion = 17.6.33815.320
MinimumVisualStudioVersion = 10.0.40219.1
Project("{FAE04EC0-301F-11D3-BF4B-00C04F79EFBC}") = "App1.Server", "Server\App1.Server.csproj", "{3B7D51B7-5A9F-4B99-9923-3847DE6A34BF}"
EndProject
Project("{FAE04EC0-301F-11D3-BF4B-00C04F79EFBC}") = "App1.Client", "Client\App1.Client.csproj", "{8E7C3254-EA82-4E11-BF0D-8BC6AEC3546A}"
EndProject
Project("{FAE04EC0-301F-11D3-BF4B-00C04F79EFBC}") = "App1.Shared", "Shared\App1.Shared.csproj", "{8B06BDE7-5B9B-4882-A7A1-F6BF1F14CEAC}"
EndProject
Global
	GlobalSection(SolutionConfigurationPlatforms) = preSolution
		Debug|Any CPU = Debug|Any CPU
		Release|Any CPU = Release|Any CPU
	EndGlobalSection
	GlobalSection(ProjectConfigurationPlatforms) = postSolution
		{3B7D51B7-5A9F-4B99-9923-3847DE6A34BF}.Debug|Any CPU.ActiveCfg = Debug|Any CPU
		{3B7D51B7-5A9F-4B99-9923-3847DE6A34BF}.Debug|Any CPU.Build.0 = Debug|Any CPU
		{3B7D51B7-5A9F-4B99-9923-3847DE6A34BF}.Release|Any CPU.ActiveCfg = Release|Any CPU
		{3B7D51B7-5A9F-4B99-9923-3847DE6A34BF}.Release|Any CPU.Build.0 = Release|Any CPU
		{8E7C3254-EA82-4E11-BF0D-8BC6AEC3546A}.Debug|Any CPU.ActiveCfg = Debug|Any CPU
		{8E7C3254-EA82-4E11-BF0D-8BC6AEC3546A}.Debug|Any CPU.Build.0 = Debug|Any CPU
		{8E7C3254-EA82-4E11-BF0D-8BC6AEC3546A}.Release|Any CPU.ActiveCfg = Release|Any CPU
		{8E7C3254-EA82-4E11-BF0D-8BC6AEC3546A}.Release|Any CPU.Build.0 = Release|Any CPU
		{8B06BDE7-5B9B-4882-A7A1-F6BF1F14CEAC}.Debug|Any CPU.ActiveCfg = Debug|Any CPU
		{8B06BDE7-5B9B-4882-A7A1-F6BF1F14CEAC}.Debug|Any CPU.Build.0 = Debug|Any CPU
		{8B06BDE7-5B9B-4882-A7A1-F6BF1F14CEAC}.Release|Any CPU.ActiveCfg = Release|Any CPU
		{8B06BDE7-5B9B-4882-A7A1-F6BF1F14CEAC}.Release|Any CPU.Build.0 = Release|Any CPU
	EndGlobalSection
	GlobalSection(SolutionProperties) = preSolution
		HideSolutionNode = FALSE
	EndGlobalSection
	GlobalSection(ExtensibilityGlobals) = postSolution
		SolutionGuid = {85345930-34F3-4913-8DAD-3644F9920A6E}
	EndGlobalSection
EndGlobal
