
Microsoft Visual Studio Solution File, Format Version 12.00
# Visual Studio Version 17
VisualStudioVersion = 17.3.32825.248
MinimumVisualStudioVersion = 10.0.40219.1
Project("{FAE04EC0-301F-11D3-BF4B-00C04F79EFBC}") = "WpfVideoCaptureUsbCam", "WpfVideoCaptureUsbCam\WpfVideoCaptureUsbCam.csproj", "{64F3420F-2799-455A-A902-9B6AE76624C4}"
EndProject
Project("{FAE04EC0-301F-11D3-BF4B-00C04F79EFBC}") = "WpfVideoCaptureFile", "WpfVideoCaptureFile\WpfVideoCaptureFile.csproj", "{9A084BAD-DDB8-4EF7-AE40-05BDA249F0D9}"
EndProject
Global
	GlobalSection(SolutionConfigurationPlatforms) = preSolution
		Debug|Any CPU = Debug|Any CPU
		Debug|x64 = Debug|x64
		Release|Any CPU = Release|Any CPU
		Release|x64 = Release|x64
	EndGlobalSection
	GlobalSection(ProjectConfigurationPlatforms) = postSolution
		{64F3420F-2799-455A-A902-9B6AE76624C4}.Debug|Any CPU.ActiveCfg = Debug|Any CPU
		{64F3420F-2799-455A-A902-9B6AE76624C4}.Debug|Any CPU.Build.0 = Debug|Any CPU
		{64F3420F-2799-455A-A902-9B6AE76624C4}.Debug|x64.ActiveCfg = Debug|x64
		{64F3420F-2799-455A-A902-9B6AE76624C4}.Debug|x64.Build.0 = Debug|x64
		{64F3420F-2799-455A-A902-9B6AE76624C4}.Release|Any CPU.ActiveCfg = Release|Any CPU
		{64F3420F-2799-455A-A902-9B6AE76624C4}.Release|Any CPU.Build.0 = Release|Any CPU
		{64F3420F-2799-455A-A902-9B6AE76624C4}.Release|x64.ActiveCfg = Release|x64
		{64F3420F-2799-455A-A902-9B6AE76624C4}.Release|x64.Build.0 = Release|x64
		{9A084BAD-DDB8-4EF7-AE40-05BDA249F0D9}.Debug|Any CPU.ActiveCfg = Debug|x64
		{9A084BAD-DDB8-4EF7-AE40-05BDA249F0D9}.Debug|x64.ActiveCfg = Debug|x64
		{9A084BAD-DDB8-4EF7-AE40-05BDA249F0D9}.Debug|x64.Build.0 = Debug|x64
		{9A084BAD-DDB8-4EF7-AE40-05BDA249F0D9}.Release|Any CPU.ActiveCfg = Release|x64
		{9A084BAD-DDB8-4EF7-AE40-05BDA249F0D9}.Release|x64.ActiveCfg = Release|x64
		{9A084BAD-DDB8-4EF7-AE40-05BDA249F0D9}.Release|x64.Build.0 = Release|x64
	EndGlobalSection
	GlobalSection(SolutionProperties) = preSolution
		HideSolutionNode = FALSE
	EndGlobalSection
	GlobalSection(ExtensibilityGlobals) = postSolution
		SolutionGuid = {E9935FFE-8672-49AD-A5E8-B3D0933B4AA5}
	EndGlobalSection
EndGlobal
