
Microsoft Visual Studio Solution File, Format Version 12.00
# Visual Studio Version 17
VisualStudioVersion = 17.3.32825.248
MinimumVisualStudioVersion = 10.0.40219.1
Project("{FAE04EC0-301F-11D3-BF4B-00C04F79EFBC}") = "WpfVideoCaptureUsbCam", "WpfVideoCaptureUsbCam\WpfVideoCaptureUsbCam.csproj", "{64F3420F-2799-455A-A902-9B6AE76624C4}"
EndProject
Global
	GlobalSection(SolutionConfigurationPlatforms) = preSolution
		Debug|Any CPU = Debug|Any CPU
		Release|Any CPU = Release|Any CPU
	EndGlobalSection
	GlobalSection(ProjectConfigurationPlatforms) = postSolution
		{64F3420F-2799-455A-A902-9B6AE76624C4}.Debug|Any CPU.ActiveCfg = Debug|Any CPU
		{64F3420F-2799-455A-A902-9B6AE76624C4}.Debug|Any CPU.Build.0 = Debug|Any CPU
		{64F3420F-2799-455A-A902-9B6AE76624C4}.Release|Any CPU.ActiveCfg = Release|Any CPU
		{64F3420F-2799-455A-A902-9B6AE76624C4}.Release|Any CPU.Build.0 = Release|Any CPU
	EndGlobalSection
	GlobalSection(SolutionProperties) = preSolution
		HideSolutionNode = FALSE
	EndGlobalSection
	GlobalSection(ExtensibilityGlobals) = postSolution
		SolutionGuid = {E9935FFE-8672-49AD-A5E8-B3D0933B4AA5}
	EndGlobalSection
EndGlobal
